
Microsoft Visual Studio Solution File, Format Version 12.00
# Visual Studio 2013
VisualStudioVersion = 12.0.21005.1
MinimumVisualStudioVersion = 10.0.40219.1
Project("{FAE04EC0-301F-11D3-BF4B-00C04F79EFBC}") = "Timekeeper.VsExtension", "Timekeeper.VsExtension\Timekeeper.VsExtension.csproj", "{B996341B-2997-436C-85B9-2CD9A878ED52}"
EndProject
Project("{FAE04EC0-301F-11D3-BF4B-00C04F79EFBC}") = "Timekeeper.SettingsTypes", "Timekeeper.SettingsTypes\Timekeeper.SettingsTypes.csproj", "{43B7CEC4-76F7-43E3-BA81-76CFFC95C3F6}"
EndProject
Project("{FAE04EC0-301F-11D3-BF4B-00C04F79EFBC}") = "Timekeeper.Console", "Timekeeper.Console\Timekeeper.Console.csproj", "{1BFB5B20-C43A-434E-A675-E009BBD65F67}"
EndProject
Project("{FAE04EC0-301F-11D3-BF4B-00C04F79EFBC}") = "Timekeeper.Timeline", "Timekeeper.Timeline\Timekeeper.Timeline.csproj", "{BBA07855-ACAC-48DC-924E-F60CDC12C558}"
EndProject
Project("{FAE04EC0-301F-11D3-BF4B-00C04F79EFBC}") = "Timekeeper.Crm", "Timekeeper.Crm\Timekeeper.Crm.csproj", "{A47DDB71-B8FD-4E7A-B6C9-E763AEA4AF0F}"
EndProject
Project("{FAE04EC0-301F-11D3-BF4B-00C04F79EFBC}") = "Timekeeper.Entities", "Timekeeper.Entities\Timekeeper.Entities.csproj", "{ABC652BA-3541-460D-B415-987D28313B8F}"
EndProject
Project("{FAE04EC0-301F-11D3-BF4B-00C04F79EFBC}") = "Timekeeper.Timeline.Standalone", "Timekeeper.Timeline.Standalone\Timekeeper.Timeline.Standalone.csproj", "{C30C521F-F969-4B9B-BAB8-D67BAEBFC949}"
EndProject
Global
	GlobalSection(SolutionConfigurationPlatforms) = preSolution
		Debug|Any CPU = Debug|Any CPU
		Release|Any CPU = Release|Any CPU
	EndGlobalSection
	GlobalSection(ProjectConfigurationPlatforms) = postSolution
		{B996341B-2997-436C-85B9-2CD9A878ED52}.Debug|Any CPU.ActiveCfg = Debug|Any CPU
		{B996341B-2997-436C-85B9-2CD9A878ED52}.Debug|Any CPU.Build.0 = Debug|Any CPU
		{B996341B-2997-436C-85B9-2CD9A878ED52}.Release|Any CPU.ActiveCfg = Release|Any CPU
		{B996341B-2997-436C-85B9-2CD9A878ED52}.Release|Any CPU.Build.0 = Release|Any CPU
		{43B7CEC4-76F7-43E3-BA81-76CFFC95C3F6}.Debug|Any CPU.ActiveCfg = Debug|Any CPU
		{43B7CEC4-76F7-43E3-BA81-76CFFC95C3F6}.Debug|Any CPU.Build.0 = Debug|Any CPU
		{43B7CEC4-76F7-43E3-BA81-76CFFC95C3F6}.Release|Any CPU.ActiveCfg = Release|Any CPU
		{43B7CEC4-76F7-43E3-BA81-76CFFC95C3F6}.Release|Any CPU.Build.0 = Release|Any CPU
		{1BFB5B20-C43A-434E-A675-E009BBD65F67}.Debug|Any CPU.ActiveCfg = Debug|Any CPU
		{1BFB5B20-C43A-434E-A675-E009BBD65F67}.Debug|Any CPU.Build.0 = Debug|Any CPU
		{1BFB5B20-C43A-434E-A675-E009BBD65F67}.Release|Any CPU.ActiveCfg = Release|Any CPU
		{1BFB5B20-C43A-434E-A675-E009BBD65F67}.Release|Any CPU.Build.0 = Release|Any CPU
		{BBA07855-ACAC-48DC-924E-F60CDC12C558}.Debug|Any CPU.ActiveCfg = Debug|Any CPU
		{BBA07855-ACAC-48DC-924E-F60CDC12C558}.Debug|Any CPU.Build.0 = Debug|Any CPU
		{BBA07855-ACAC-48DC-924E-F60CDC12C558}.Release|Any CPU.ActiveCfg = Release|Any CPU
		{BBA07855-ACAC-48DC-924E-F60CDC12C558}.Release|Any CPU.Build.0 = Release|Any CPU
		{A47DDB71-B8FD-4E7A-B6C9-E763AEA4AF0F}.Debug|Any CPU.ActiveCfg = Debug|Any CPU
		{A47DDB71-B8FD-4E7A-B6C9-E763AEA4AF0F}.Debug|Any CPU.Build.0 = Debug|Any CPU
		{A47DDB71-B8FD-4E7A-B6C9-E763AEA4AF0F}.Release|Any CPU.ActiveCfg = Release|Any CPU
		{A47DDB71-B8FD-4E7A-B6C9-E763AEA4AF0F}.Release|Any CPU.Build.0 = Release|Any CPU
		{ABC652BA-3541-460D-B415-987D28313B8F}.Debug|Any CPU.ActiveCfg = Debug|Any CPU
		{ABC652BA-3541-460D-B415-987D28313B8F}.Debug|Any CPU.Build.0 = Debug|Any CPU
		{ABC652BA-3541-460D-B415-987D28313B8F}.Release|Any CPU.ActiveCfg = Release|Any CPU
		{ABC652BA-3541-460D-B415-987D28313B8F}.Release|Any CPU.Build.0 = Release|Any CPU
		{C30C521F-F969-4B9B-BAB8-D67BAEBFC949}.Debug|Any CPU.ActiveCfg = Debug|Any CPU
		{C30C521F-F969-4B9B-BAB8-D67BAEBFC949}.Debug|Any CPU.Build.0 = Debug|Any CPU
		{C30C521F-F969-4B9B-BAB8-D67BAEBFC949}.Release|Any CPU.ActiveCfg = Release|Any CPU
		{C30C521F-F969-4B9B-BAB8-D67BAEBFC949}.Release|Any CPU.Build.0 = Release|Any CPU
	EndGlobalSection
	GlobalSection(SolutionProperties) = preSolution
		HideSolutionNode = FALSE
	EndGlobalSection
EndGlobal
